{
  "dependencies": {
    "fbgraph": {
      "version": "0.2.10",
      "dependencies": {
        "request": {
          "version": "2.11.4",
          "dependencies": {
            "form-data": {
              "version": "0.0.3",
              "dependencies": {
                "combined-stream": {
                  "version": "0.0.3",
                  "dependencies": {
                    "delayed-stream": {
                      "version": "0.0.5"
                    }
                  }
                },
                "async": {
                  "version": "0.1.9"
                }
              }
            },
            "mime": {
              "version": "1.2.7"
            }
          }
        },
        "qs": {
          "version": "0.5.6"
        }
      }
    },
    "fibers": {
      "version": "1.0.1"
    },
    "googleapis": {
      "version": "0.7.0",
      "dependencies": {
        "request": {
          "version": "2.34.0",
          "dependencies": {
            "qs": {
              "version": "0.6.6"
            },
            "json-stringify-safe": {
              "version": "5.0.0"
            },
            "forever-agent": {
              "version": "0.5.2"
            },
            "node-uuid": {
              "version": "1.4.1"
            },
            "mime": {
              "version": "1.2.11"
            },
            "tough-cookie": {
              "version": "0.12.1",
              "dependencies": {
                "punycode": {
                  "version": "1.3.0"
                }
              }
            },
            "form-data": {
              "version": "0.1.4",
              "dependencies": {
                "combined-stream": {
                  "version": "0.0.5",
                  "dependencies": {
                    "delayed-stream": {
                      "version": "0.0.5"
                    }
                  }
                },
                "async": {
                  "version": "0.9.0"
                }
              }
            },
            "tunnel-agent": {
              "version": "0.3.0"
            },
            "http-signature": {
              "version": "0.10.0",
              "dependencies": {
                "assert-plus": {
                  "version": "0.1.2"
                },
                "asn1": {
                  "version": "0.1.11"
                },
                "ctype": {
                  "version": "0.5.2"
                }
              }
            },
            "oauth-sign": {
              "version": "0.3.0"
            },
            "hawk": {
              "version": "1.0.0",
              "dependencies": {
                "hoek": {
                  "version": "0.9.1"
                },
                "boom": {
                  "version": "0.4.2"
                },
                "cryptiles": {
                  "version": "0.2.2"
                },
                "sntp": {
                  "version": "0.2.4"
                }
              }
            },
            "aws-sign2": {
              "version": "0.5.0"
            }
          }
        },
        "async": {
          "version": "0.2.10"
        },
        "gapitoken": {
          "version": "0.1.3",
          "dependencies": {
            "jws": {
              "version": "0.0.2",
              "dependencies": {
                "tap": {
                  "version": "0.3.3",
                  "dependencies": {
                    "inherits": {
                      "version": "1.0.0"
                    },
                    "yamlish": {
                      "version": "0.0.5"
                    },
                    "slide": {
                      "version": "1.1.5"
                    },
                    "runforcover": {
                      "version": "0.0.2",
                      "dependencies": {
                        "bunker": {
                          "version": "0.1.2",
                          "dependencies": {
                            "burrito": {
                              "version": "0.2.12",
                              "dependencies": {
                                "traverse": {
                                  "version": "0.5.2"
                                },
                                "uglify-js": {
                                  "version": "1.1.1"
                                }
                              }
                            }
                          }
                        }
                      }
                    },
                    "nopt": {
                      "version": "2.2.1",
                      "dependencies": {
                        "abbrev": {
                          "version": "1.0.5"
                        }
                      }
                    },
                    "mkdirp": {
                      "version": "0.3.5"
                    },
                    "difflet": {
                      "version": "0.2.6",
                      "dependencies": {
                        "traverse": {
                          "version": "0.6.6"
                        },
                        "charm": {
                          "version": "0.1.2"
                        },
                        "deep-is": {
                          "version": "0.1.2"
                        }
                      }
                    },
                    "deep-equal": {
                      "version": "0.0.0"
                    },
                    "buffer-equal": {
                      "version": "0.0.1"
                    }
                  }
                },
                "base64url": {
                  "version": "0.0.3"
                }
              }
            }
          }
        }
      }
    },
    "marked": {
      "version": "0.3.1"
    },
    "nodemailer": {
      "version": "0.6.1",
      "dependencies": {
        "mailcomposer": {
          "version": "0.2.12",
          "dependencies": {
            "mimelib": {
              "version": "0.2.16",
              "dependencies": {
                "encoding": {
                  "version": "0.1.8",
                  "dependencies": {
                    "iconv-lite": {
                      "version": "0.4.4"
                    }
                  }
                },
                "addressparser": {
                  "version": "0.2.1"
                }
              }
            },
            "mime": {
              "version": "1.2.11"
            },
            "follow-redirects": {
              "version": "0.0.3",
              "dependencies": {
                "underscore": {
                  "version": "1.6.0"
                }
              }
            },
            "dkim-signer": {
              "version": "0.1.2",
              "dependencies": {
                "punycode": {
                  "version": "1.2.4"
                }
              }
            }
          }
        },
        "simplesmtp": {
          "version": "0.3.32",
          "dependencies": {
            "rai": {
              "version": "0.1.11"
            },
            "xoauth2": {
              "version": "0.1.8"
            }
          }
        },
        "directmail": {
          "version": "0.1.8"
        },
        "he": {
          "version": "0.3.6"
        },
        "public-address": {
          "version": "0.1.1"
        },
        "readable-stream": {
          "version": "1.1.13-1",
          "dependencies": {
            "core-util-is": {
              "version": "1.0.1"
            },
            "isarray": {
              "version": "0.0.1"
            },
            "string_decoder": {
              "version": "0.10.25-1"
            },
            "inherits": {
              "version": "2.0.1"
            }
          }
        }
      }
    }
  }
}
